// !$*UTF8*$!
{
	archiveVersion = 1;
	classes = {
	};
	objectVersion = 46;
	objects = {

/* Begin PBXBuildFile section */
		1DDD58160DA1D0A300B32029 /* MainMenu.xib in Resources */ = {isa = PBXBuildFile; fileRef = 1DDD58140DA1D0A300B32029 /* MainMenu.xib */; };
		256AC3DA0F4B6AC300CF3369 /* EvoLisaAppDelegate.m in Sources */ = {isa = PBXBuildFile; fileRef = 256AC3D90F4B6AC300CF3369 /* EvoLisaAppDelegate.m */; };
		8D11072B0486CEB800E47090 /* InfoPlist.strings in Resources */ = {isa = PBXBuildFile; fileRef = 089C165CFE840E0CC02AAC07 /* InfoPlist.strings */; };
		8D11072D0486CEB800E47090 /* main.m in Sources */ = {isa = PBXBuildFile; fileRef = 29B97316FDCFA39411CA2CEA /* main.m */; settings = {ATTRIBUTES = (); }; };
		8D11072F0486CEB800E47090 /* Cocoa.framework in Frameworks */ = {isa = PBXBuildFile; fileRef = 1058C7A1FEA54F0111CA2CBB /* Cocoa.framework */; };
		DA0BC4EF1707270900254E69 /* DnaBrushStroke.m in Sources */ = {isa = PBXBuildFile; fileRef = DA0BC4EE1707270900254E69 /* DnaBrushStroke.m */; };
		DAD14746190B279A00899E23 /* Accelerate.framework in Frameworks */ = {isa = PBXBuildFile; fileRef = DAD14745190B279A00899E23 /* Accelerate.framework */; };
		DAD9011711027FEA00D90086 /* EvoLisaWindowController.m in Sources */ = {isa = PBXBuildFile; fileRef = DAD9011611027FEA00D90086 /* EvoLisaWindowController.m */; };
		DAD9015211034DF300D90086 /* Tools.m in Sources */ = {isa = PBXBuildFile; fileRef = DAD9015111034DF300D90086 /* Tools.m */; };
		DAD9017B1103538F00D90086 /* Settings.m in Sources */ = {isa = PBXBuildFile; fileRef = DAD9017A1103538F00D90086 /* Settings.m */; };
		DAD90188110362B800D90086 /* DrawingCanvas.m in Sources */ = {isa = PBXBuildFile; fileRef = DAD90187110362B800D90086 /* DrawingCanvas.m */; };
		DAD903131103CB0800D90086 /* DnaPolygon.m in Sources */ = {isa = PBXBuildFile; fileRef = DAD903121103CB0800D90086 /* DnaPolygon.m */; };
		DAD903161103CB1300D90086 /* DnaPoint.m in Sources */ = {isa = PBXBuildFile; fileRef = DAD903151103CB1300D90086 /* DnaPoint.m */; };
		DAD9031F1103CC2300D90086 /* DnaBrush.m in Sources */ = {isa = PBXBuildFile; fileRef = DAD9031E1103CC2300D90086 /* DnaBrush.m */; };
		DAD903251103CC8100D90086 /* DnaDrawing.m in Sources */ = {isa = PBXBuildFile; fileRef = DAD903241103CC8100D90086 /* DnaDrawing.m */; };
		DAD9990B14F7B724005582A6 /* GLDrawingCanvas.m in Sources */ = {isa = PBXBuildFile; fileRef = DAD9990A14F7B724005582A6 /* GLDrawingCanvas.m */; };
		DAD9990D14F7BBC4005582A6 /* OpenGL.framework in Frameworks */ = {isa = PBXBuildFile; fileRef = DAD9990C14F7BBC4005582A6 /* OpenGL.framework */; };
		E2DFA34D1378D63800E29CA3 /* ml.png in Resources */ = {isa = PBXBuildFile; fileRef = E2DFA34C1378D63800E29CA3 /* ml.png */; };
/* End PBXBuildFile section */

/* Begin PBXFileReference section */
		089C165DFE840E0CC02AAC07 /* English */ = {isa = PBXFileReference; fileEncoding = 4; lastKnownFileType = text.plist.strings; name = English; path = English.lproj/InfoPlist.strings; sourceTree = "<group>"; };
		1058C7A1FEA54F0111CA2CBB /* Cocoa.framework */ = {isa = PBXFileReference; lastKnownFileType = wrapper.framework; name = Cocoa.framework; path = /System/Library/Frameworks/Cocoa.framework; sourceTree = "<absolute>"; };
		1DDD58150DA1D0A300B32029 /* English */ = {isa = PBXFileReference; lastKnownFileType = file.xib; name = English; path = English.lproj/MainMenu.xib; sourceTree = "<group>"; };
		256AC3D80F4B6AC300CF3369 /* EvoLisaAppDelegate.h */ = {isa = PBXFileReference; fileEncoding = 4; lastKnownFileType = sourcecode.c.h; path = EvoLisaAppDelegate.h; sourceTree = "<group>"; };
		256AC3D90F4B6AC300CF3369 /* EvoLisaAppDelegate.m */ = {isa = PBXFileReference; fileEncoding = 4; lastKnownFileType = sourcecode.c.objc; path = EvoLisaAppDelegate.m; sourceTree = "<group>"; };
		256AC3F00F4B6AF500CF3369 /* EvoLisa_Prefix.pch */ = {isa = PBXFileReference; fileEncoding = 4; lastKnownFileType = sourcecode.c.h; path = EvoLisa_Prefix.pch; sourceTree = "<group>"; };
		29B97316FDCFA39411CA2CEA /* main.m */ = {isa = PBXFileReference; fileEncoding = 4; lastKnownFileType = sourcecode.c.objc; path = main.m; sourceTree = "<group>"; };
		29B97324FDCFA39411CA2CEA /* AppKit.framework */ = {isa = PBXFileReference; lastKnownFileType = wrapper.framework; name = AppKit.framework; path = /System/Library/Frameworks/AppKit.framework; sourceTree = "<absolute>"; };
		29B97325FDCFA39411CA2CEA /* Foundation.framework */ = {isa = PBXFileReference; lastKnownFileType = wrapper.framework; name = Foundation.framework; path = /System/Library/Frameworks/Foundation.framework; sourceTree = "<absolute>"; };
		8D1107310486CEB800E47090 /* EvoLisa-Info.plist */ = {isa = PBXFileReference; fileEncoding = 4; lastKnownFileType = text.plist.xml; path = "EvoLisa-Info.plist"; sourceTree = "<group>"; };
		8D1107320486CEB800E47090 /* EvoLisa.app */ = {isa = PBXFileReference; explicitFileType = wrapper.application; includeInIndex = 0; path = EvoLisa.app; sourceTree = BUILT_PRODUCTS_DIR; };
		DA0BC4ED1707270900254E69 /* DnaBrushStroke.h */ = {isa = PBXFileReference; fileEncoding = 4; lastKnownFileType = sourcecode.c.h; path = DnaBrushStroke.h; sourceTree = "<group>"; };
		DA0BC4EE1707270900254E69 /* DnaBrushStroke.m */ = {isa = PBXFileReference; fileEncoding = 4; lastKnownFileType = sourcecode.c.objc; path = DnaBrushStroke.m; sourceTree = "<group>"; };
		DAD14745190B279A00899E23 /* Accelerate.framework */ = {isa = PBXFileReference; lastKnownFileType = wrapper.framework; name = Accelerate.framework; path = System/Library/Frameworks/Accelerate.framework; sourceTree = SDKROOT; };
		DAD9011511027FEA00D90086 /* EvoLisaWindowController.h */ = {isa = PBXFileReference; fileEncoding = 4; lastKnownFileType = sourcecode.c.h; path = EvoLisaWindowController.h; sourceTree = "<group>"; };
		DAD9011611027FEA00D90086 /* EvoLisaWindowController.m */ = {isa = PBXFileReference; fileEncoding = 4; lastKnownFileType = sourcecode.c.objc; path = EvoLisaWindowController.m; sourceTree = "<group>"; };
		DAD9015011034DF300D90086 /* Tools.h */ = {isa = PBXFileReference; fileEncoding = 4; lastKnownFileType = sourcecode.c.h; path = Tools.h; sourceTree = "<group>"; };
		DAD9015111034DF300D90086 /* Tools.m */ = {isa = PBXFileReference; fileEncoding = 4; lastKnownFileType = sourcecode.c.objc; path = Tools.m; sourceTree = "<group>"; };
		DAD901791103538F00D90086 /* Settings.h */ = {isa = PBXFileReference; fileEncoding = 4; lastKnownFileType = sourcecode.c.h; path = Settings.h; sourceTree = "<group>"; };
		DAD9017A1103538F00D90086 /* Settings.m */ = {isa = PBXFileReference; fileEncoding = 4; lastKnownFileType = sourcecode.c.objc; path = Settings.m; sourceTree = "<group>"; };
		DAD90186110362B800D90086 /* DrawingCanvas.h */ = {isa = PBXFileReference; fileEncoding = 4; lastKnownFileType = sourcecode.c.h; path = DrawingCanvas.h; sourceTree = "<group>"; };
		DAD90187110362B800D90086 /* DrawingCanvas.m */ = {isa = PBXFileReference; fileEncoding = 4; lastKnownFileType = sourcecode.c.objc; path = DrawingCanvas.m; sourceTree = "<group>"; };
		DAD903111103CB0800D90086 /* DnaPolygon.h */ = {isa = PBXFileReference; fileEncoding = 4; lastKnownFileType = sourcecode.c.h; path = DnaPolygon.h; sourceTree = "<group>"; };
		DAD903121103CB0800D90086 /* DnaPolygon.m */ = {isa = PBXFileReference; fileEncoding = 4; lastKnownFileType = sourcecode.c.objc; path = DnaPolygon.m; sourceTree = "<group>"; };
		DAD903141103CB1300D90086 /* DnaPoint.h */ = {isa = PBXFileReference; fileEncoding = 4; lastKnownFileType = sourcecode.c.h; path = DnaPoint.h; sourceTree = "<group>"; };
		DAD903151103CB1300D90086 /* DnaPoint.m */ = {isa = PBXFileReference; fileEncoding = 4; lastKnownFileType = sourcecode.c.objc; path = DnaPoint.m; sourceTree = "<group>"; };
		DAD9031D1103CC2300D90086 /* DnaBrush.h */ = {isa = PBXFileReference; fileEncoding = 4; lastKnownFileType = sourcecode.c.h; path = DnaBrush.h; sourceTree = "<group>"; };
		DAD9031E1103CC2300D90086 /* DnaBrush.m */ = {isa = PBXFileReference; fileEncoding = 4; lastKnownFileType = sourcecode.c.objc; path = DnaBrush.m; sourceTree = "<group>"; };
		DAD903231103CC8100D90086 /* DnaDrawing.h */ = {isa = PBXFileReference; fileEncoding = 4; lastKnownFileType = sourcecode.c.h; path = DnaDrawing.h; sourceTree = "<group>"; };
		DAD903241103CC8100D90086 /* DnaDrawing.m */ = {isa = PBXFileReference; fileEncoding = 4; lastKnownFileType = sourcecode.c.objc; path = DnaDrawing.m; sourceTree = "<group>"; };
		DAD9990914F7B724005582A6 /* GLDrawingCanvas.h */ = {isa = PBXFileReference; fileEncoding = 4; lastKnownFileType = sourcecode.c.h; path = GLDrawingCanvas.h; sourceTree = "<group>"; };
		DAD9990A14F7B724005582A6 /* GLDrawingCanvas.m */ = {isa = PBXFileReference; fileEncoding = 4; lastKnownFileType = sourcecode.c.objc; path = GLDrawingCanvas.m; sourceTree = "<group>"; };
		DAD9990C14F7BBC4005582A6 /* OpenGL.framework */ = {isa = PBXFileReference; lastKnownFileType = wrapper.framework; name = OpenGL.framework; path = /System/Library/Frameworks/OpenGL.framework; sourceTree = "<absolute>"; };
		E2DFA34C1378D63800E29CA3 /* ml.png */ = {isa = PBXFileReference; lastKnownFileType = image.png; name = ml.png; path = images/ml.png; sourceTree = "<group>"; };
/* End PBXFileReference section */

/* Begin PBXFrameworksBuildPhase section */
		8D11072E0486CEB800E47090 /* Frameworks */ = {
			isa = PBXFrameworksBuildPhase;
			buildActionMask = 2147483647;
			files = (
				DAD14746190B279A00899E23 /* Accelerate.framework in Frameworks */,
				DAD9990D14F7BBC4005582A6 /* OpenGL.framework in Frameworks */,
				8D11072F0486CEB800E47090 /* Cocoa.framework in Frameworks */,
			);
			runOnlyForDeploymentPostprocessing = 0;
		};
/* End PBXFrameworksBuildPhase section */

/* Begin PBXGroup section */
		080E96DDFE201D6D7F000001 /* Classes */ = {
			isa = PBXGroup;
			children = (
				256AC3D80F4B6AC300CF3369 /* EvoLisaAppDelegate.h */,
				256AC3D90F4B6AC300CF3369 /* EvoLisaAppDelegate.m */,
				DAD9011511027FEA00D90086 /* EvoLisaWindowController.h */,
				DAD9011611027FEA00D90086 /* EvoLisaWindowController.m */,
				DAD9015011034DF300D90086 /* Tools.h */,
				DAD9015111034DF300D90086 /* Tools.m */,
				DAD901791103538F00D90086 /* Settings.h */,
				DAD9017A1103538F00D90086 /* Settings.m */,
				DAD90186110362B800D90086 /* DrawingCanvas.h */,
				DAD90187110362B800D90086 /* DrawingCanvas.m */,
				DAD9990914F7B724005582A6 /* GLDrawingCanvas.h */,
				DAD9990A14F7B724005582A6 /* GLDrawingCanvas.m */,
				DAD903111103CB0800D90086 /* DnaPolygon.h */,
				DAD903121103CB0800D90086 /* DnaPolygon.m */,
				DAD903141103CB1300D90086 /* DnaPoint.h */,
				DAD903151103CB1300D90086 /* DnaPoint.m */,
				DAD9031D1103CC2300D90086 /* DnaBrush.h */,
				DAD9031E1103CC2300D90086 /* DnaBrush.m */,
				DA0BC4ED1707270900254E69 /* DnaBrushStroke.h */,
				DA0BC4EE1707270900254E69 /* DnaBrushStroke.m */,
				DAD903231103CC8100D90086 /* DnaDrawing.h */,
				DAD903241103CC8100D90086 /* DnaDrawing.m */,
			);
			name = Classes;
			sourceTree = "<group>";
		};
		1058C7A0FEA54F0111CA2CBB /* Linked Frameworks */ = {
			isa = PBXGroup;
			children = (
				1058C7A1FEA54F0111CA2CBB /* Cocoa.framework */,
			);
			name = "Linked Frameworks";
			sourceTree = "<group>";
		};
		1058C7A2FEA54F0111CA2CBB /* Other Frameworks */ = {
			isa = PBXGroup;
			children = (
				29B97324FDCFA39411CA2CEA /* AppKit.framework */,
				29B97325FDCFA39411CA2CEA /* Foundation.framework */,
			);
			name = "Other Frameworks";
			sourceTree = "<group>";
		};
		19C28FACFE9D520D11CA2CBB /* Products */ = {
			isa = PBXGroup;
			children = (
				8D1107320486CEB800E47090 /* EvoLisa.app */,
			);
			name = Products;
			sourceTree = "<group>";
		};
		29B97314FDCFA39411CA2CEA /* EvoLisa */ = {
			isa = PBXGroup;
			children = (
				080E96DDFE201D6D7F000001 /* Classes */,
				29B97315FDCFA39411CA2CEA /* Other Sources */,
				29B97317FDCFA39411CA2CEA /* Resources */,
				29B97323FDCFA39411CA2CEA /* Frameworks */,
				19C28FACFE9D520D11CA2CBB /* Products */,
			);
			name = EvoLisa;
			sourceTree = "<group>";
		};
		29B97315FDCFA39411CA2CEA /* Other Sources */ = {
			isa = PBXGroup;
			children = (
				256AC3F00F4B6AF500CF3369 /* EvoLisa_Prefix.pch */,
				29B97316FDCFA39411CA2CEA /* main.m */,
			);
			name = "Other Sources";
			sourceTree = "<group>";
		};
		29B97317FDCFA39411CA2CEA /* Resources */ = {
			isa = PBXGroup;
			children = (
				E2DFA34C1378D63800E29CA3 /* ml.png */,
				8D1107310486CEB800E47090 /* EvoLisa-Info.plist */,
				089C165CFE840E0CC02AAC07 /* InfoPlist.strings */,
				1DDD58140DA1D0A300B32029 /* MainMenu.xib */,
			);
			name = Resources;
			sourceTree = "<group>";
		};
		29B97323FDCFA39411CA2CEA /* Frameworks */ = {
			isa = PBXGroup;
			children = (
				DAD9990C14F7BBC4005582A6 /* OpenGL.framework */,
				DAD14745190B279A00899E23 /* Accelerate.framework */,
				1058C7A0FEA54F0111CA2CBB /* Linked Frameworks */,
				1058C7A2FEA54F0111CA2CBB /* Other Frameworks */,
			);
			name = Frameworks;
			sourceTree = "<group>";
		};
/* End PBXGroup section */

/* Begin PBXNativeTarget section */
		8D1107260486CEB800E47090 /* EvoLisa */ = {
			isa = PBXNativeTarget;
			buildConfigurationList = C01FCF4A08A954540054247B /* Build configuration list for PBXNativeTarget "EvoLisa" */;
			buildPhases = (
				8D1107290486CEB800E47090 /* Resources */,
				8D11072C0486CEB800E47090 /* Sources */,
				8D11072E0486CEB800E47090 /* Frameworks */,
			);
			buildRules = (
			);
			dependencies = (
			);
			name = EvoLisa;
			productInstallPath = "$(HOME)/Applications";
			productName = EvoLisa;
			productReference = 8D1107320486CEB800E47090 /* EvoLisa.app */;
			productType = "com.apple.product-type.application";
		};
/* End PBXNativeTarget section */

/* Begin PBXProject section */
		29B97313FDCFA39411CA2CEA /* Project object */ = {
			isa = PBXProject;
			attributes = {
				LastUpgradeCheck = 0720;
			};
			buildConfigurationList = C01FCF4E08A954540054247B /* Build configuration list for PBXProject "EvoLisa" */;
			compatibilityVersion = "Xcode 3.2";
			developmentRegion = English;
			hasScannedForEncodings = 1;
			knownRegions = (
				English,
				Japanese,
				French,
				German,
			);
			mainGroup = 29B97314FDCFA39411CA2CEA /* EvoLisa */;
			projectDirPath = "";
			projectRoot = "";
			targets = (
				8D1107260486CEB800E47090 /* EvoLisa */,
			);
		};
/* End PBXProject section */

/* Begin PBXResourcesBuildPhase section */
		8D1107290486CEB800E47090 /* Resources */ = {
			isa = PBXResourcesBuildPhase;
			buildActionMask = 2147483647;
			files = (
				8D11072B0486CEB800E47090 /* InfoPlist.strings in Resources */,
				1DDD58160DA1D0A300B32029 /* MainMenu.xib in Resources */,
				E2DFA34D1378D63800E29CA3 /* ml.png in Resources */,
			);
			runOnlyForDeploymentPostprocessing = 0;
		};
/* End PBXResourcesBuildPhase section */

/* Begin PBXSourcesBuildPhase section */
		8D11072C0486CEB800E47090 /* Sources */ = {
			isa = PBXSourcesBuildPhase;
			buildActionMask = 2147483647;
			files = (
				8D11072D0486CEB800E47090 /* main.m in Sources */,
				256AC3DA0F4B6AC300CF3369 /* EvoLisaAppDelegate.m in Sources */,
				DAD9011711027FEA00D90086 /* EvoLisaWindowController.m in Sources */,
				DAD9015211034DF300D90086 /* Tools.m in Sources */,
				DAD9017B1103538F00D90086 /* Settings.m in Sources */,
				DAD90188110362B800D90086 /* DrawingCanvas.m in Sources */,
				DAD903131103CB0800D90086 /* DnaPolygon.m in Sources */,
				DAD903161103CB1300D90086 /* DnaPoint.m in Sources */,
				DAD9031F1103CC2300D90086 /* DnaBrush.m in Sources */,
				DAD903251103CC8100D90086 /* DnaDrawing.m in Sources */,
				DAD9990B14F7B724005582A6 /* GLDrawingCanvas.m in Sources */,
				DA0BC4EF1707270900254E69 /* DnaBrushStroke.m in Sources */,
			);
			runOnlyForDeploymentPostprocessing = 0;
		};
/* End PBXSourcesBuildPhase section */

/* Begin PBXVariantGroup section */
		089C165CFE840E0CC02AAC07 /* InfoPlist.strings */ = {
			isa = PBXVariantGroup;
			children = (
				089C165DFE840E0CC02AAC07 /* English */,
			);
			name = InfoPlist.strings;
			sourceTree = "<group>";
		};
		1DDD58140DA1D0A300B32029 /* MainMenu.xib */ = {
			isa = PBXVariantGroup;
			children = (
				1DDD58150DA1D0A300B32029 /* English */,
			);
			name = MainMenu.xib;
			sourceTree = "<group>";
		};
/* End PBXVariantGroup section */

/* Begin XCBuildConfiguration section */
		C01FCF4B08A954540054247B /* Debug */ = {
			isa = XCBuildConfiguration;
			buildSettings = {
				ALWAYS_SEARCH_USER_PATHS = NO;
				COMBINE_HIDPI_IMAGES = YES;
				COPY_PHASE_STRIP = NO;
				GCC_DYNAMIC_NO_PIC = NO;
				GCC_MODEL_TUNING = G5;
				GCC_OPTIMIZATION_LEVEL = 0;
				GCC_PRECOMPILE_PREFIX_HEADER = YES;
				GCC_PREFIX_HEADER = EvoLisa_Prefix.pch;
				INFOPLIST_FILE = "EvoLisa-Info.plist";
				INSTALL_PATH = "$(HOME)/Applications";
				PRODUCT_BUNDLE_IDENTIFIER = com.swampbits.EvoLisa;
				PRODUCT_NAME = EvoLisa;
				VALID_ARCHS = x86_64;
			};
			name = Debug;
		};
		C01FCF4C08A954540054247B /* Release */ = {
			isa = XCBuildConfiguration;
			buildSettings = {
				ALWAYS_SEARCH_USER_PATHS = NO;
				COMBINE_HIDPI_IMAGES = YES;
				DEBUG_INFORMATION_FORMAT = "dwarf-with-dsym";
				GCC_MODEL_TUNING = G5;
				GCC_PRECOMPILE_PREFIX_HEADER = YES;
				GCC_PREFIX_HEADER = EvoLisa_Prefix.pch;
				INFOPLIST_FILE = "EvoLisa-Info.plist";
				INSTALL_PATH = "$(HOME)/Applications";
				PRODUCT_BUNDLE_IDENTIFIER = com.swampbits.EvoLisa;
				PRODUCT_NAME = EvoLisa;
				VALID_ARCHS = x86_64;
			};
			name = Release;
		};
		C01FCF4F08A954540054247B /* Debug */ = {
			isa = XCBuildConfiguration;
			buildSettings = {
				CLANG_WARN_BOOL_CONVERSION = YES;
				CLANG_WARN_CONSTANT_CONVERSION = YES;
				CLANG_WARN_EMPTY_BODY = YES;
				CLANG_WARN_ENUM_CONVERSION = YES;
				CLANG_WARN_INT_CONVERSION = YES;
				CLANG_WARN_UNREACHABLE_CODE = YES;
				CLANG_WARN__DUPLICATE_METHOD_MATCH = YES;
				ENABLE_STRICT_OBJC_MSGSEND = YES;
				ENABLE_TESTABILITY = YES;
				GCC_ALTIVEC_EXTENSIONS = YES;
				GCC_C_LANGUAGE_STANDARD = gnu99;
				GCC_MODEL_TUNING = G5;
				GCC_NO_COMMON_BLOCKS = YES;
				GCC_OPTIMIZATION_LEVEL = s;
				GCC_VERSION = com.apple.compilers.llvm.clang.1_0;
				GCC_WARN_64_TO_32_BIT_CONVERSION = YES;
				GCC_WARN_ABOUT_RETURN_TYPE = YES;
				GCC_WARN_UNDECLARED_SELECTOR = YES;
				GCC_WARN_UNINITIALIZED_AUTOS = YES;
				GCC_WARN_UNUSED_FUNCTION = YES;
				GCC_WARN_UNUSED_VARIABLE = YES;
				MACOSX_DEPLOYMENT_TARGET = 10.10;
				ONLY_ACTIVE_ARCH = YES;
				OTHER_CFLAGS = "";
				SDKROOT = "";
			};
			name = Debug;
		};
		C01FCF5008A954540054247B /* Release */ = {
			isa = XCBuildConfiguration;
			buildSettings = {
				CLANG_WARN_BOOL_CONVERSION = YES;
				CLANG_WARN_CONSTANT_CONVERSION = YES;
				CLANG_WARN_EMPTY_BODY = YES;
				CLANG_WARN_ENUM_CONVERSION = YES;
				CLANG_WARN_INT_CONVERSION = YES;
				CLANG_WARN_UNREACHABLE_CODE = YES;
				CLANG_WARN__DUPLICATE_METHOD_MATCH = YES;
				ENABLE_STRICT_OBJC_MSGSEND = YES;
				GCC_ALTIVEC_EXTENSIONS = YES;
				GCC_C_LANGUAGE_STANDARD = gnu99;
				GCC_GENERATE_DEBUGGING_SYMBOLS = NO;
				GCC_MODEL_PPC64 = YES;
				GCC_MODEL_TUNING = G5;
				GCC_NO_COMMON_BLOCKS = YES;
				GCC_OPTIMIZATION_LEVEL = 3;
				GCC_VERSION = com.apple.compilers.llvm.clang.1_0;
				GCC_WARN_64_TO_32_BIT_CONVERSION = YES;
				GCC_WARN_ABOUT_RETURN_TYPE = YES;
				GCC_WARN_UNDECLARED_SELECTOR = YES;
				GCC_WARN_UNINITIALIZED_AUTOS = YES;
				GCC_WARN_UNUSED_FUNCTION = YES;
				GCC_WARN_UNUSED_VARIABLE = YES;
				MACOSX_DEPLOYMENT_TARGET = 10.10;
				OTHER_CFLAGS = "";
				SDKROOT = "";
			};
			name = Release;
		};
/* End XCBuildConfiguration section */

/* Begin XCConfigurationList section */
		C01FCF4A08A954540054247B /* Build configuration list for PBXNativeTarget "EvoLisa" */ = {
			isa = XCConfigurationList;
			buildConfigurations = (
				C01FCF4B08A954540054247B /* Debug */,
				C01FCF4C08A954540054247B /* Release */,
			);
			defaultConfigurationIsVisible = 0;
			defaultConfigurationName = Release;
		};
		C01FCF4E08A954540054247B /* Build configuration list for PBXProject "EvoLisa" */ = {
			isa = XCConfigurationList;
			buildConfigurations = (
				C01FCF4F08A954540054247B /* Debug */,
				C01FCF5008A954540054247B /* Release */,
			);
			defaultConfigurationIsVisible = 0;
			defaultConfigurationName = Release;
		};
/* End XCConfigurationList section */
	};
	rootObject = 29B97313FDCFA39411CA2CEA /* Project object */;
}
